// !$*UTF8*$!
{
	archiveVersion = 1;
	classes = {
	};
	objectVersion = 48;
	objects = {

/* Begin PBXBuildFile section */
		0166F6EC4DFD98976931AFF7 /* Pods_kwetter_ios.framework in Frameworks */ = {isa = PBXBuildFile; fileRef = 45470D00F0760B8E6B3695A3 /* Pods_kwetter_ios.framework */; };
		4863CEDA206579E000B863BF /* AppDelegate.swift in Sources */ = {isa = PBXBuildFile; fileRef = 4863CED9206579E000B863BF /* AppDelegate.swift */; };
		4863CEE1206579E000B863BF /* Main.storyboard in Resources */ = {isa = PBXBuildFile; fileRef = 4863CEDF206579E000B863BF /* Main.storyboard */; };
		4863CEE3206579E000B863BF /* Assets.xcassets in Resources */ = {isa = PBXBuildFile; fileRef = 4863CEE2206579E000B863BF /* Assets.xcassets */; };
		4863CEE6206579E000B863BF /* LaunchScreen.storyboard in Resources */ = {isa = PBXBuildFile; fileRef = 4863CEE4206579E000B863BF /* LaunchScreen.storyboard */; };
		4863CEF12066883E00B863BF /* Kweet.swift in Sources */ = {isa = PBXBuildFile; fileRef = 4863CEEE2066883E00B863BF /* Kweet.swift */; };
		4863CEF22066883E00B863BF /* KweetEntities.swift in Sources */ = {isa = PBXBuildFile; fileRef = 4863CEEF2066883E00B863BF /* KweetEntities.swift */; };
		4863CEF32066883E00B863BF /* KweetUser.swift in Sources */ = {isa = PBXBuildFile; fileRef = 4863CEF02066883E00B863BF /* KweetUser.swift */; };
		4863CEF52066898200B863BF /* TimelineViewController.swift in Sources */ = {isa = PBXBuildFile; fileRef = 4863CEF42066898200B863BF /* TimelineViewController.swift */; };
		4863CEFA20668DF000B863BF /* KweetTableViewCell.swift in Sources */ = {isa = PBXBuildFile; fileRef = 4863CEF920668DF000B863BF /* KweetTableViewCell.swift */; };
		4863CEFC2066BBA900B863BF /* Api.swift in Sources */ = {isa = PBXBuildFile; fileRef = 4863CEFB2066BBA900B863BF /* Api.swift */; };
		4863CF002066CAC500B863BF /* AppNavController.swift in Sources */ = {isa = PBXBuildFile; fileRef = 4863CEFF2066CAC500B863BF /* AppNavController.swift */; };
		4863CF092066CBA500B863BF /* HalfModalInteractiveTransition.swift in Sources */ = {isa = PBXBuildFile; fileRef = 4863CF062066CBA400B863BF /* HalfModalInteractiveTransition.swift */; };
		4863CF0A2066CBA500B863BF /* HalfModalTransitionAnimator.swift in Sources */ = {isa = PBXBuildFile; fileRef = 4863CF072066CBA400B863BF /* HalfModalTransitionAnimator.swift */; };
		4863CF0B2066CBA500B863BF /* HalfModalTransitioningDelegate.swift in Sources */ = {isa = PBXBuildFile; fileRef = 4863CF082066CBA500B863BF /* HalfModalTransitioningDelegate.swift */; };
		4863CF0E2066CBB900B863BF /* HalfModalPresentationController.swift in Sources */ = {isa = PBXBuildFile; fileRef = 4863CF0D2066CBB900B863BF /* HalfModalPresentationController.swift */; };
		4863CF102066CE3300B863BF /* CreateKweetController.swift in Sources */ = {isa = PBXBuildFile; fileRef = 4863CF0F2066CE3300B863BF /* CreateKweetController.swift */; };
		48B498922067C76500A53940 /* KweetTableViewCell.xib in Resources */ = {isa = PBXBuildFile; fileRef = 48B498912067C76500A53940 /* KweetTableViewCell.xib */; };
/* End PBXBuildFile section */

/* Begin PBXFileReference section */
		05227D78E5420C338F56DF90 /* Pods-kwetter-ios.release.xcconfig */ = {isa = PBXFileReference; includeInIndex = 1; lastKnownFileType = text.xcconfig; name = "Pods-kwetter-ios.release.xcconfig"; path = "Pods/Target Support Files/Pods-kwetter-ios/Pods-kwetter-ios.release.xcconfig"; sourceTree = "<group>"; };
		45470D00F0760B8E6B3695A3 /* Pods_kwetter_ios.framework */ = {isa = PBXFileReference; explicitFileType = wrapper.framework; includeInIndex = 0; path = Pods_kwetter_ios.framework; sourceTree = BUILT_PRODUCTS_DIR; };
		4863CED6206579E000B863BF /* kwetter-ios.app */ = {isa = PBXFileReference; explicitFileType = wrapper.application; includeInIndex = 0; path = "kwetter-ios.app"; sourceTree = BUILT_PRODUCTS_DIR; };
		4863CED9206579E000B863BF /* AppDelegate.swift */ = {isa = PBXFileReference; lastKnownFileType = sourcecode.swift; path = AppDelegate.swift; sourceTree = "<group>"; };
		4863CEE0206579E000B863BF /* Base */ = {isa = PBXFileReference; lastKnownFileType = file.storyboard; name = Base; path = Base.lproj/Main.storyboard; sourceTree = "<group>"; };
		4863CEE2206579E000B863BF /* Assets.xcassets */ = {isa = PBXFileReference; lastKnownFileType = folder.assetcatalog; path = Assets.xcassets; sourceTree = "<group>"; };
		4863CEE5206579E000B863BF /* Base */ = {isa = PBXFileReference; lastKnownFileType = file.storyboard; name = Base; path = Base.lproj/LaunchScreen.storyboard; sourceTree = "<group>"; };
		4863CEE7206579E000B863BF /* Info.plist */ = {isa = PBXFileReference; lastKnownFileType = text.plist.xml; path = Info.plist; sourceTree = "<group>"; };
		4863CEEE2066883E00B863BF /* Kweet.swift */ = {isa = PBXFileReference; fileEncoding = 4; lastKnownFileType = sourcecode.swift; path = Kweet.swift; sourceTree = "<group>"; };
		4863CEEF2066883E00B863BF /* KweetEntities.swift */ = {isa = PBXFileReference; fileEncoding = 4; lastKnownFileType = sourcecode.swift; path = KweetEntities.swift; sourceTree = "<group>"; };
		4863CEF02066883E00B863BF /* KweetUser.swift */ = {isa = PBXFileReference; fileEncoding = 4; lastKnownFileType = sourcecode.swift; path = KweetUser.swift; sourceTree = "<group>"; };
		4863CEF42066898200B863BF /* TimelineViewController.swift */ = {isa = PBXFileReference; lastKnownFileType = sourcecode.swift; path = TimelineViewController.swift; sourceTree = "<group>"; };
		4863CEF920668DF000B863BF /* KweetTableViewCell.swift */ = {isa = PBXFileReference; lastKnownFileType = sourcecode.swift; path = KweetTableViewCell.swift; sourceTree = "<group>"; };
		4863CEFB2066BBA900B863BF /* Api.swift */ = {isa = PBXFileReference; lastKnownFileType = sourcecode.swift; path = Api.swift; sourceTree = "<group>"; };
		4863CEFF2066CAC500B863BF /* AppNavController.swift */ = {isa = PBXFileReference; lastKnownFileType = sourcecode.swift; path = AppNavController.swift; sourceTree = "<group>"; };
		4863CF062066CBA400B863BF /* HalfModalInteractiveTransition.swift */ = {isa = PBXFileReference; fileEncoding = 4; lastKnownFileType = sourcecode.swift; path = HalfModalInteractiveTransition.swift; sourceTree = "<group>"; };
		4863CF072066CBA400B863BF /* HalfModalTransitionAnimator.swift */ = {isa = PBXFileReference; fileEncoding = 4; lastKnownFileType = sourcecode.swift; path = HalfModalTransitionAnimator.swift; sourceTree = "<group>"; };
		4863CF082066CBA500B863BF /* HalfModalTransitioningDelegate.swift */ = {isa = PBXFileReference; fileEncoding = 4; lastKnownFileType = sourcecode.swift; path = HalfModalTransitioningDelegate.swift; sourceTree = "<group>"; };
		4863CF0D2066CBB900B863BF /* HalfModalPresentationController.swift */ = {isa = PBXFileReference; fileEncoding = 4; lastKnownFileType = sourcecode.swift; path = HalfModalPresentationController.swift; sourceTree = "<group>"; };
		4863CF0F2066CE3300B863BF /* CreateKweetController.swift */ = {isa = PBXFileReference; lastKnownFileType = sourcecode.swift; path = CreateKweetController.swift; sourceTree = "<group>"; };
		48B498912067C76500A53940 /* KweetTableViewCell.xib */ = {isa = PBXFileReference; lastKnownFileType = file.xib; path = KweetTableViewCell.xib; sourceTree = "<group>"; };
		F92F7AFDBA3F4831F1619280 /* Pods-kwetter-ios.debug.xcconfig */ = {isa = PBXFileReference; includeInIndex = 1; lastKnownFileType = text.xcconfig; name = "Pods-kwetter-ios.debug.xcconfig"; path = "Pods/Target Support Files/Pods-kwetter-ios/Pods-kwetter-ios.debug.xcconfig"; sourceTree = "<group>"; };
/* End PBXFileReference section */

/* Begin PBXFrameworksBuildPhase section */
		4863CED3206579E000B863BF /* Frameworks */ = {
			isa = PBXFrameworksBuildPhase;
			buildActionMask = 2147483647;
			files = (
				0166F6EC4DFD98976931AFF7 /* Pods_kwetter_ios.framework in Frameworks */,
			);
			runOnlyForDeploymentPostprocessing = 0;
		};
/* End PBXFrameworksBuildPhase section */

/* Begin PBXGroup section */
		0710980783EFE24CF10EE5E9 /* Frameworks */ = {
			isa = PBXGroup;
			children = (
				45470D00F0760B8E6B3695A3 /* Pods_kwetter_ios.framework */,
			);
			name = Frameworks;
			sourceTree = "<group>";
		};
		4863CECD206579E000B863BF = {
			isa = PBXGroup;
			children = (
				4863CED8206579E000B863BF /* kwetter-ios */,
				4863CED7206579E000B863BF /* Products */,
				EFF2ED01D367EDDA31F604B3 /* Pods */,
				0710980783EFE24CF10EE5E9 /* Frameworks */,
			);
			sourceTree = "<group>";
		};
		4863CED7206579E000B863BF /* Products */ = {
			isa = PBXGroup;
			children = (
				4863CED6206579E000B863BF /* kwetter-ios.app */,
			);
			name = Products;
			sourceTree = "<group>";
		};
		4863CED8206579E000B863BF /* kwetter-ios */ = {
			isa = PBXGroup;
			children = (
				4863CF0C2066CBAA00B863BF /* presentation */,
				4863CF052066CB9000B863BF /* transitioning */,
				4863CEFE2066C12600B863BF /* services */,
				4863CEFD2066C11C00B863BF /* cells */,
				4863CEF62066898800B863BF /* controllers */,
				4863CEED2066882B00B863BF /* models */,
				4863CED9206579E000B863BF /* AppDelegate.swift */,
				4863CEDF206579E000B863BF /* Main.storyboard */,
				4863CEE2206579E000B863BF /* Assets.xcassets */,
				4863CEE4206579E000B863BF /* LaunchScreen.storyboard */,
				4863CEE7206579E000B863BF /* Info.plist */,
			);
			path = "kwetter-ios";
			sourceTree = "<group>";
		};
		4863CEED2066882B00B863BF /* models */ = {
			isa = PBXGroup;
			children = (
				4863CEEF2066883E00B863BF /* KweetEntities.swift */,
				4863CEEE2066883E00B863BF /* Kweet.swift */,
				4863CEF02066883E00B863BF /* KweetUser.swift */,
			);
			path = models;
			sourceTree = "<group>";
		};
		4863CEF62066898800B863BF /* controllers */ = {
			isa = PBXGroup;
			children = (
				4863CEF42066898200B863BF /* TimelineViewController.swift */,
				4863CEFF2066CAC500B863BF /* AppNavController.swift */,
				4863CF0F2066CE3300B863BF /* CreateKweetController.swift */,
			);
			path = controllers;
			sourceTree = "<group>";
		};
		4863CEFD2066C11C00B863BF /* cells */ = {
			isa = PBXGroup;
			children = (
				4863CEF920668DF000B863BF /* KweetTableViewCell.swift */,
				48B498912067C76500A53940 /* KweetTableViewCell.xib */,
			);
			path = cells;
			sourceTree = "<group>";
		};
		4863CEFE2066C12600B863BF /* services */ = {
			isa = PBXGroup;
			children = (
				4863CEFB2066BBA900B863BF /* Api.swift */,
			);
			path = services;
			sourceTree = "<group>";
		};
		4863CF052066CB9000B863BF /* transitioning */ = {
			isa = PBXGroup;
			children = (
				4863CF062066CBA400B863BF /* HalfModalInteractiveTransition.swift */,
				4863CF072066CBA400B863BF /* HalfModalTransitionAnimator.swift */,
				4863CF082066CBA500B863BF /* HalfModalTransitioningDelegate.swift */,
			);
			path = transitioning;
			sourceTree = "<group>";
		};
		4863CF0C2066CBAA00B863BF /* presentation */ = {
			isa = PBXGroup;
			children = (
				4863CF0D2066CBB900B863BF /* HalfModalPresentationController.swift */,
			);
			path = presentation;
			sourceTree = "<group>";
		};
		EFF2ED01D367EDDA31F604B3 /* Pods */ = {
			isa = PBXGroup;
			children = (
				F92F7AFDBA3F4831F1619280 /* Pods-kwetter-ios.debug.xcconfig */,
				05227D78E5420C338F56DF90 /* Pods-kwetter-ios.release.xcconfig */,
			);
			name = Pods;
			sourceTree = "<group>";
		};
/* End PBXGroup section */

/* Begin PBXNativeTarget section */
		4863CED5206579E000B863BF /* kwetter-ios */ = {
			isa = PBXNativeTarget;
			buildConfigurationList = 4863CEEA206579E000B863BF /* Build configuration list for PBXNativeTarget "kwetter-ios" */;
			buildPhases = (
				136CE07C06F66AD68D9DF953 /* [CP] Check Pods Manifest.lock */,
				4863CED2206579E000B863BF /* Sources */,
				4863CED3206579E000B863BF /* Frameworks */,
				4863CED4206579E000B863BF /* Resources */,
				B3A9528302918F441534E2EA /* [CP] Embed Pods Frameworks */,
				24A3E401EC56265736F772D8 /* [CP] Copy Pods Resources */,
			);
			buildRules = (
			);
			dependencies = (
			);
			name = "kwetter-ios";
			productName = "kwetter-ios";
			productReference = 4863CED6206579E000B863BF /* kwetter-ios.app */;
			productType = "com.apple.product-type.application";
		};
/* End PBXNativeTarget section */

/* Begin PBXProject section */
		4863CECE206579E000B863BF /* Project object */ = {
			isa = PBXProject;
			attributes = {
				LastSwiftUpdateCheck = 0920;
				LastUpgradeCheck = 0920;
				ORGANIZATIONNAME = "Marvin Zwolsman";
				TargetAttributes = {
					4863CED5206579E000B863BF = {
						CreatedOnToolsVersion = 9.2;
						ProvisioningStyle = Automatic;
					};
				};
			};
			buildConfigurationList = 4863CED1206579E000B863BF /* Build configuration list for PBXProject "kwetter-ios" */;
			compatibilityVersion = "Xcode 8.0";
			developmentRegion = en;
			hasScannedForEncodings = 0;
			knownRegions = (
				en,
				Base,
			);
			mainGroup = 4863CECD206579E000B863BF;
			productRefGroup = 4863CED7206579E000B863BF /* Products */;
			projectDirPath = "";
			projectRoot = "";
			targets = (
				4863CED5206579E000B863BF /* kwetter-ios */,
			);
		};
/* End PBXProject section */

/* Begin PBXResourcesBuildPhase section */
		4863CED4206579E000B863BF /* Resources */ = {
			isa = PBXResourcesBuildPhase;
			buildActionMask = 2147483647;
			files = (
				4863CEE6206579E000B863BF /* LaunchScreen.storyboard in Resources */,
				4863CEE3206579E000B863BF /* Assets.xcassets in Resources */,
				48B498922067C76500A53940 /* KweetTableViewCell.xib in Resources */,
				4863CEE1206579E000B863BF /* Main.storyboard in Resources */,
			);
			runOnlyForDeploymentPostprocessing = 0;
		};
/* End PBXResourcesBuildPhase section */

/* Begin PBXShellScriptBuildPhase section */
		136CE07C06F66AD68D9DF953 /* [CP] Check Pods Manifest.lock */ = {
			isa = PBXShellScriptBuildPhase;
			buildActionMask = 2147483647;
			files = (
			);
			inputPaths = (
				"${PODS_PODFILE_DIR_PATH}/Podfile.lock",
				"${PODS_ROOT}/Manifest.lock",
			);
			name = "[CP] Check Pods Manifest.lock";
			outputPaths = (
				"$(DERIVED_FILE_DIR)/Pods-kwetter-ios-checkManifestLockResult.txt",
			);
			runOnlyForDeploymentPostprocessing = 0;
			shellPath = /bin/sh;
			shellScript = "diff \"${PODS_PODFILE_DIR_PATH}/Podfile.lock\" \"${PODS_ROOT}/Manifest.lock\" > /dev/null\nif [ $? != 0 ] ; then\n    # print error to STDERR\n    echo \"error: The sandbox is not in sync with the Podfile.lock. Run 'pod install' or update your CocoaPods installation.\" >&2\n    exit 1\nfi\n# This output is used by Xcode 'outputs' to avoid re-running this script phase.\necho \"SUCCESS\" > \"${SCRIPT_OUTPUT_FILE_0}\"\n";
			showEnvVarsInLog = 0;
		};
		24A3E401EC56265736F772D8 /* [CP] Copy Pods Resources */ = {
			isa = PBXShellScriptBuildPhase;
			buildActionMask = 2147483647;
			files = (
			);
			inputPaths = (
			);
			name = "[CP] Copy Pods Resources";
			outputPaths = (
			);
			runOnlyForDeploymentPostprocessing = 0;
			shellPath = /bin/sh;
			shellScript = "\"${SRCROOT}/Pods/Target Support Files/Pods-kwetter-ios/Pods-kwetter-ios-resources.sh\"\n";
			showEnvVarsInLog = 0;
		};
		B3A9528302918F441534E2EA /* [CP] Embed Pods Frameworks */ = {
			isa = PBXShellScriptBuildPhase;
			buildActionMask = 2147483647;
			files = (
			);
			inputPaths = (
				"${SRCROOT}/Pods/Target Support Files/Pods-kwetter-ios/Pods-kwetter-ios-frameworks.sh",
				"${BUILT_PRODUCTS_DIR}/Kingfisher/Kingfisher.framework",
				"${BUILT_PRODUCTS_DIR}/RelativeFormatter/RelativeFormatter.framework",
				"${BUILT_PRODUCTS_DIR}/RxCocoa/RxCocoa.framework",
				"${BUILT_PRODUCTS_DIR}/RxSwift/RxSwift.framework",
				"${BUILT_PRODUCTS_DIR}/SwiftyAttributes/SwiftyAttributes.framework",
			);
			name = "[CP] Embed Pods Frameworks";
			outputPaths = (
				"${TARGET_BUILD_DIR}/${FRAMEWORKS_FOLDER_PATH}/Kingfisher.framework",
				"${TARGET_BUILD_DIR}/${FRAMEWORKS_FOLDER_PATH}/RelativeFormatter.framework",
				"${TARGET_BUILD_DIR}/${FRAMEWORKS_FOLDER_PATH}/RxCocoa.framework",
				"${TARGET_BUILD_DIR}/${FRAMEWORKS_FOLDER_PATH}/RxSwift.framework",
				"${TARGET_BUILD_DIR}/${FRAMEWORKS_FOLDER_PATH}/SwiftyAttributes.framework",
			);
			runOnlyForDeploymentPostprocessing = 0;
			shellPath = /bin/sh;
			shellScript = "\"${SRCROOT}/Pods/Target Support Files/Pods-kwetter-ios/Pods-kwetter-ios-frameworks.sh\"\n";
			showEnvVarsInLog = 0;
		};
/* End PBXShellScriptBuildPhase section */

/* Begin PBXSourcesBuildPhase section */
		4863CED2206579E000B863BF /* Sources */ = {
			isa = PBXSourcesBuildPhase;
			buildActionMask = 2147483647;
			files = (
				4863CEF22066883E00B863BF /* KweetEntities.swift in Sources */,
				4863CEF32066883E00B863BF /* KweetUser.swift in Sources */,
				4863CEF12066883E00B863BF /* Kweet.swift in Sources */,
				4863CF0B2066CBA500B863BF /* HalfModalTransitioningDelegate.swift in Sources */,
				4863CF102066CE3300B863BF /* CreateKweetController.swift in Sources */,
				4863CF002066CAC500B863BF /* AppNavController.swift in Sources */,
				4863CEDA206579E000B863BF /* AppDelegate.swift in Sources */,
				4863CF092066CBA500B863BF /* HalfModalInteractiveTransition.swift in Sources */,
				4863CEFA20668DF000B863BF /* KweetTableViewCell.swift in Sources */,
				4863CF0E2066CBB900B863BF /* HalfModalPresentationController.swift in Sources */,
				4863CEFC2066BBA900B863BF /* Api.swift in Sources */,
				4863CF0A2066CBA500B863BF /* HalfModalTransitionAnimator.swift in Sources */,
				4863CEF52066898200B863BF /* TimelineViewController.swift in Sources */,
			);
			runOnlyForDeploymentPostprocessing = 0;
		};
/* End PBXSourcesBuildPhase section */

/* Begin PBXVariantGroup section */
		4863CEDF206579E000B863BF /* Main.storyboard */ = {
			isa = PBXVariantGroup;
			children = (
				4863CEE0206579E000B863BF /* Base */,
			);
			name = Main.storyboard;
			sourceTree = "<group>";
		};
		4863CEE4206579E000B863BF /* LaunchScreen.storyboard */ = {
			isa = PBXVariantGroup;
			children = (
				4863CEE5206579E000B863BF /* Base */,
			);
			name = LaunchScreen.storyboard;
			sourceTree = "<group>";
		};
/* End PBXVariantGroup section */

/* Begin XCBuildConfiguration section */
		4863CEE8206579E000B863BF /* Debug */ = {
			isa = XCBuildConfiguration;
			buildSettings = {
				ALWAYS_SEARCH_USER_PATHS = NO;
				CLANG_ANALYZER_NONNULL = YES;
				CLANG_ANALYZER_NUMBER_OBJECT_CONVERSION = YES_AGGRESSIVE;
				CLANG_CXX_LANGUAGE_STANDARD = "gnu++14";
				CLANG_CXX_LIBRARY = "libc++";
				CLANG_ENABLE_MODULES = YES;
				CLANG_ENABLE_OBJC_ARC = YES;
				CLANG_WARN_BLOCK_CAPTURE_AUTORELEASING = YES;
				CLANG_WARN_BOOL_CONVERSION = YES;
				CLANG_WARN_COMMA = YES;
				CLANG_WARN_CONSTANT_CONVERSION = YES;
				CLANG_WARN_DIRECT_OBJC_ISA_USAGE = YES_ERROR;
				CLANG_WARN_DOCUMENTATION_COMMENTS = YES;
				CLANG_WARN_EMPTY_BODY = YES;
				CLANG_WARN_ENUM_CONVERSION = YES;
				CLANG_WARN_INFINITE_RECURSION = YES;
				CLANG_WARN_INT_CONVERSION = YES;
				CLANG_WARN_NON_LITERAL_NULL_CONVERSION = YES;
				CLANG_WARN_OBJC_LITERAL_CONVERSION = YES;
				CLANG_WARN_OBJC_ROOT_CLASS = YES_ERROR;
				CLANG_WARN_RANGE_LOOP_ANALYSIS = YES;
				CLANG_WARN_STRICT_PROTOTYPES = YES;
				CLANG_WARN_SUSPICIOUS_MOVE = YES;
				CLANG_WARN_UNGUARDED_AVAILABILITY = YES_AGGRESSIVE;
				CLANG_WARN_UNREACHABLE_CODE = YES;
				CLANG_WARN__DUPLICATE_METHOD_MATCH = YES;
				CODE_SIGN_IDENTITY = "iPhone Developer";
				COPY_PHASE_STRIP = NO;
				DEBUG_INFORMATION_FORMAT = dwarf;
				ENABLE_STRICT_OBJC_MSGSEND = YES;
				ENABLE_TESTABILITY = YES;
				GCC_C_LANGUAGE_STANDARD = gnu11;
				GCC_DYNAMIC_NO_PIC = NO;
				GCC_NO_COMMON_BLOCKS = YES;
				GCC_OPTIMIZATION_LEVEL = 0;
				GCC_PREPROCESSOR_DEFINITIONS = (
					"DEBUG=1",
					"$(inherited)",
				);
				GCC_WARN_64_TO_32_BIT_CONVERSION = YES;
				GCC_WARN_ABOUT_RETURN_TYPE = YES_ERROR;
				GCC_WARN_UNDECLARED_SELECTOR = YES;
				GCC_WARN_UNINITIALIZED_AUTOS = YES_AGGRESSIVE;
				GCC_WARN_UNUSED_FUNCTION = YES;
				GCC_WARN_UNUSED_VARIABLE = YES;
				IPHONEOS_DEPLOYMENT_TARGET = 11.2;
				MTL_ENABLE_DEBUG_INFO = YES;
				ONLY_ACTIVE_ARCH = YES;
				SDKROOT = iphoneos;
				SWIFT_ACTIVE_COMPILATION_CONDITIONS = DEBUG;
				SWIFT_OPTIMIZATION_LEVEL = "-Onone";
			};
			name = Debug;
		};
		4863CEE9206579E000B863BF /* Release */ = {
			isa = XCBuildConfiguration;
			buildSettings = {
				ALWAYS_SEARCH_USER_PATHS = NO;
				CLANG_ANALYZER_NONNULL = YES;
				CLANG_ANALYZER_NUMBER_OBJECT_CONVERSION = YES_AGGRESSIVE;
				CLANG_CXX_LANGUAGE_STANDARD = "gnu++14";
				CLANG_CXX_LIBRARY = "libc++";
				CLANG_ENABLE_MODULES = YES;
				CLANG_ENABLE_OBJC_ARC = YES;
				CLANG_WARN_BLOCK_CAPTURE_AUTORELEASING = YES;
				CLANG_WARN_BOOL_CONVERSION = YES;
				CLANG_WARN_COMMA = YES;
				CLANG_WARN_CONSTANT_CONVERSION = YES;
				CLANG_WARN_DIRECT_OBJC_ISA_USAGE = YES_ERROR;
				CLANG_WARN_DOCUMENTATION_COMMENTS = YES;
				CLANG_WARN_EMPTY_BODY = YES;
				CLANG_WARN_ENUM_CONVERSION = YES;
				CLANG_WARN_INFINITE_RECURSION = YES;
				CLANG_WARN_INT_CONVERSION = YES;
				CLANG_WARN_NON_LITERAL_NULL_CONVERSION = YES;
				CLANG_WARN_OBJC_LITERAL_CONVERSION = YES;
				CLANG_WARN_OBJC_ROOT_CLASS = YES_ERROR;
				CLANG_WARN_RANGE_LOOP_ANALYSIS = YES;
				CLANG_WARN_STRICT_PROTOTYPES = YES;
				CLANG_WARN_SUSPICIOUS_MOVE = YES;
				CLANG_WARN_UNGUARDED_AVAILABILITY = YES_AGGRESSIVE;
				CLANG_WARN_UNREACHABLE_CODE = YES;
				CLANG_WARN__DUPLICATE_METHOD_MATCH = YES;
				CODE_SIGN_IDENTITY = "iPhone Developer";
				COPY_PHASE_STRIP = NO;
				DEBUG_INFORMATION_FORMAT = "dwarf-with-dsym";
				ENABLE_NS_ASSERTIONS = NO;
				ENABLE_STRICT_OBJC_MSGSEND = YES;
				GCC_C_LANGUAGE_STANDARD = gnu11;
				GCC_NO_COMMON_BLOCKS = YES;
				GCC_WARN_64_TO_32_BIT_CONVERSION = YES;
				GCC_WARN_ABOUT_RETURN_TYPE = YES_ERROR;
				GCC_WARN_UNDECLARED_SELECTOR = YES;
				GCC_WARN_UNINITIALIZED_AUTOS = YES_AGGRESSIVE;
				GCC_WARN_UNUSED_FUNCTION = YES;
				GCC_WARN_UNUSED_VARIABLE = YES;
				IPHONEOS_DEPLOYMENT_TARGET = 11.2;
				MTL_ENABLE_DEBUG_INFO = NO;
				SDKROOT = iphoneos;
				SWIFT_OPTIMIZATION_LEVEL = "-Owholemodule";
				VALIDATE_PRODUCT = YES;
			};
			name = Release;
		};
		4863CEEB206579E000B863BF /* Debug */ = {
			isa = XCBuildConfiguration;
			baseConfigurationReference = F92F7AFDBA3F4831F1619280 /* Pods-kwetter-ios.debug.xcconfig */;
			buildSettings = {
				ASSETCATALOG_COMPILER_APPICON_NAME = AppIcon;
				CODE_SIGN_STYLE = Automatic;
				DEVELOPMENT_TEAM = UV7YH72NQ8;
				INFOPLIST_FILE = "kwetter-ios/Info.plist";
				LD_RUNPATH_SEARCH_PATHS = "$(inherited) @executable_path/Frameworks";
				PRODUCT_BUNDLE_IDENTIFIER = "com.zwolsman.kwetter-ios";
				PRODUCT_NAME = "$(TARGET_NAME)";
				SWIFT_VERSION = 4.0;
				TARGETED_DEVICE_FAMILY = "1,2";
			};
			name = Debug;
		};
		4863CEEC206579E000B863BF /* Release */ = {
			isa = XCBuildConfiguration;
			baseConfigurationReference = 05227D78E5420C338F56DF90 /* Pods-kwetter-ios.release.xcconfig */;
			buildSettings = {
				ASSETCATALOG_COMPILER_APPICON_NAME = AppIcon;
				CODE_SIGN_STYLE = Automatic;
				DEVELOPMENT_TEAM = UV7YH72NQ8;
				INFOPLIST_FILE = "kwetter-ios/Info.plist";
				LD_RUNPATH_SEARCH_PATHS = "$(inherited) @executable_path/Frameworks";
				PRODUCT_BUNDLE_IDENTIFIER = "com.zwolsman.kwetter-ios";
				PRODUCT_NAME = "$(TARGET_NAME)";
				SWIFT_VERSION = 4.0;
				TARGETED_DEVICE_FAMILY = "1,2";
			};
			name = Release;
		};
/* End XCBuildConfiguration section */

/* Begin XCConfigurationList section */
		4863CED1206579E000B863BF /* Build configuration list for PBXProject "kwetter-ios" */ = {
			isa = XCConfigurationList;
			buildConfigurations = (
				4863CEE8206579E000B863BF /* Debug */,
				4863CEE9206579E000B863BF /* Release */,
			);
			defaultConfigurationIsVisible = 0;
			defaultConfigurationName = Release;
		};
		4863CEEA206579E000B863BF /* Build configuration list for PBXNativeTarget "kwetter-ios" */ = {
			isa = XCConfigurationList;
			buildConfigurations = (
				4863CEEB206579E000B863BF /* Debug */,
				4863CEEC206579E000B863BF /* Release */,
			);
			defaultConfigurationIsVisible = 0;
			defaultConfigurationName = Release;
		};
/* End XCConfigurationList section */
	};
	rootObject = 4863CECE206579E000B863BF /* Project object */;
}
